// !$*UTF8*$!
{
	archiveVersion = 1;
	classes = {
	};
	objectVersion = 46;
	objects = {

/* Begin PBXBuildFile section */
		E54557F41D4B4EDC003099B6 /* pink.jpeg in Resources */ = {isa = PBXBuildFile; fileRef = E54557F31D4B4EDC003099B6 /* pink.jpeg */; };
		E54557F81D4B51D3003099B6 /* hair1.jpg in Resources */ = {isa = PBXBuildFile; fileRef = E54557F71D4B51D3003099B6 /* hair1.jpg */; };
		E54557FC1D4B7603003099B6 /* bePretty.jpg in Resources */ = {isa = PBXBuildFile; fileRef = E54557FB1D4B7603003099B6 /* bePretty.jpg */; };
		E5A949B51D4A3A37009DBE07 /* List.jpg in Resources */ = {isa = PBXBuildFile; fileRef = E5A949B41D4A3A37009DBE07 /* List.jpg */; };
		E5A949B71D4A3A40009DBE07 /* map.jpg in Resources */ = {isa = PBXBuildFile; fileRef = E5A949B61D4A3A40009DBE07 /* map.jpg */; };
		E5C5CCE71D9AA7C2002D5902 /* About-50.png in Resources */ = {isa = PBXBuildFile; fileRef = E5C5CCCE1D9AA7C2002D5902 /* About-50.png */; };
		E5C5CCE81D9AA7C2002D5902 /* Add service.png in Resources */ = {isa = PBXBuildFile; fileRef = E5C5CCCF1D9AA7C2002D5902 /* Add service.png */; };
		E5C5CCE91D9AA7C2002D5902 /* beartist.jpe in Resources */ = {isa = PBXBuildFile; fileRef = E5C5CCD01D9AA7C2002D5902 /* beartist.jpe */; };
		E5C5CCEA1D9AA7C2002D5902 /* beartist.jpg in Resources */ = {isa = PBXBuildFile; fileRef = E5C5CCD11D9AA7C2002D5902 /* beartist.jpg */; };
		E5C5CCEB1D9AA7C2002D5902 /* bookartist.jpg in Resources */ = {isa = PBXBuildFile; fileRef = E5C5CCD21D9AA7C2002D5902 /* bookartist.jpg */; };
		E5C5CCEC1D9AA7C2002D5902 /* Comments-48.png in Resources */ = {isa = PBXBuildFile; fileRef = E5C5CCD31D9AA7C2002D5902 /* Comments-48.png */; };
		E5C5CCED1D9AA7C2002D5902 /* Edit File-64.png in Resources */ = {isa = PBXBuildFile; fileRef = E5C5CCD41D9AA7C2002D5902 /* Edit File-64.png */; };
		E5C5CCEE1D9AA7C2002D5902 /* geartist.png in Resources */ = {isa = PBXBuildFile; fileRef = E5C5CCD51D9AA7C2002D5902 /* geartist.png */; };
		E5C5CCEF1D9AA7C2002D5902 /* Geo-fence-50.png in Resources */ = {isa = PBXBuildFile; fileRef = E5C5CCD61D9AA7C2002D5902 /* Geo-fence-50.png */; };
		E5C5CCF01D9AA7C2002D5902 /* getartist.png in Resources */ = {isa = PBXBuildFile; fileRef = E5C5CCD71D9AA7C2002D5902 /* getartist.png */; };
		E5C5CCF11D9AA7C2002D5902 /* getstarted.png in Resources */ = {isa = PBXBuildFile; fileRef = E5C5CCD81D9AA7C2002D5902 /* getstarted.png */; };
		E5C5CCF21D9AA7C2002D5902 /* getstartedd.png in Resources */ = {isa = PBXBuildFile; fileRef = E5C5CCD91D9AA7C2002D5902 /* getstartedd.png */; };
		E5C5CCF31D9AA7C2002D5902 /* ios.png in Resources */ = {isa = PBXBuildFile; fileRef = E5C5CCDA1D9AA7C2002D5902 /* ios.png */; };
		E5C5CCF41D9AA7C2002D5902 /* java.jpg in Resources */ = {isa = PBXBuildFile; fileRef = E5C5CCDB1D9AA7C2002D5902 /* java.jpg */; };
		E5C5CCF51D9AA7C2002D5902 /* makeup prof.jpg in Resources */ = {isa = PBXBuildFile; fileRef = E5C5CCDC1D9AA7C2002D5902 /* makeup prof.jpg */; };
		E5C5CCF61D9AA7C2002D5902 /* map_artist.png in Resources */ = {isa = PBXBuildFile; fileRef = E5C5CCDD1D9AA7C2002D5902 /* map_artist.png */; };
		E5C5CCF71D9AA7C2002D5902 /* more.png in Resources */ = {isa = PBXBuildFile; fileRef = E5C5CCDE1D9AA7C2002D5902 /* more.png */; };
		E5C5CCF81D9AA7C2002D5902 /* python.png in Resources */ = {isa = PBXBuildFile; fileRef = E5C5CCDF1D9AA7C2002D5902 /* python.png */; };
		E5C5CCF91D9AA7C2002D5902 /* Remove User Male-48.png in Resources */ = {isa = PBXBuildFile; fileRef = E5C5CCE01D9AA7C2002D5902 /* Remove User Male-48.png */; };
		E5C5CCFA1D9AA7C2002D5902 /* spashimage.png in Resources */ = {isa = PBXBuildFile; fileRef = E5C5CCE11D9AA7C2002D5902 /* spashimage.png */; };
		E5C5CCFB1D9AA7C2002D5902 /* start.png in Resources */ = {isa = PBXBuildFile; fileRef = E5C5CCE21D9AA7C2002D5902 /* start.png */; };
		E5C5CCFC1D9AA7C2002D5902 /* submit.png in Resources */ = {isa = PBXBuildFile; fileRef = E5C5CCE31D9AA7C2002D5902 /* submit.png */; };
		E5C5CCFD1D9AA7C2002D5902 /* Todo List-50.png in Resources */ = {isa = PBXBuildFile; fileRef = E5C5CCE41D9AA7C2002D5902 /* Todo List-50.png */; };
		E5C5CCFE1D9AA7C2002D5902 /* upload photos.png in Resources */ = {isa = PBXBuildFile; fileRef = E5C5CCE51D9AA7C2002D5902 /* upload photos.png */; };
		E5C5CCFF1D9AA7C2002D5902 /* windows.jpg in Resources */ = {isa = PBXBuildFile; fileRef = E5C5CCE61D9AA7C2002D5902 /* windows.jpg */; };
		E5C5CD341D9BD732002D5902 /* ProfileViewController.m in Sources */ = {isa = PBXBuildFile; fileRef = E5C5CD331D9BD732002D5902 /* ProfileViewController.m */; };
		E5E4B4F21D3E7A6000A70D25 /* main.m in Sources */ = {isa = PBXBuildFile; fileRef = E5E4B4F11D3E7A6000A70D25 /* main.m */; };
		E5E4B4F51D3E7A6000A70D25 /* AppDelegate.m in Sources */ = {isa = PBXBuildFile; fileRef = E5E4B4F41D3E7A6000A70D25 /* AppDelegate.m */; };
		E5E4B4F81D3E7A6000A70D25 /* bePretty.xcdatamodeld in Sources */ = {isa = PBXBuildFile; fileRef = E5E4B4F61D3E7A6000A70D25 /* bePretty.xcdatamodeld */; };
		E5E4B4FB1D3E7A6000A70D25 /* ViewController.m in Sources */ = {isa = PBXBuildFile; fileRef = E5E4B4FA1D3E7A6000A70D25 /* ViewController.m */; };
		E5E4B5001D3E7A6000A70D25 /* Images.xcassets in Resources */ = {isa = PBXBuildFile; fileRef = E5E4B4FF1D3E7A6000A70D25 /* Images.xcassets */; };
		E5E4B5031D3E7A6000A70D25 /* LaunchScreen.xib in Resources */ = {isa = PBXBuildFile; fileRef = E5E4B5011D3E7A6000A70D25 /* LaunchScreen.xib */; };
		E5E4B50F1D3E7A6000A70D25 /* bePrettyTests.m in Sources */ = {isa = PBXBuildFile; fileRef = E5E4B50E1D3E7A6000A70D25 /* bePrettyTests.m */; };
		E5EC85CF1D4F6EFE003C6066 /* MapKit.framework in Frameworks */ = {isa = PBXBuildFile; fileRef = E5EC85CE1D4F6EFE003C6066 /* MapKit.framework */; };
		E5EC85D21D4F7AA5003C6066 /* Main.storyboard in Resources */ = {isa = PBXBuildFile; fileRef = E5EC85D01D4F7AA5003C6066 /* Main.storyboard */; };
/* End PBXBuildFile section */

/* Begin PBXContainerItemProxy section */
		E5E4B5091D3E7A6000A70D25 /* PBXContainerItemProxy */ = {
			isa = PBXContainerItemProxy;
			containerPortal = E5E4B4E41D3E7A6000A70D25 /* Project object */;
			proxyType = 1;
			remoteGlobalIDString = E5E4B4EB1D3E7A6000A70D25;
			remoteInfo = bePretty;
		};
/* End PBXContainerItemProxy section */

/* Begin PBXFileReference section */
		E54557F31D4B4EDC003099B6 /* pink.jpeg */ = {isa = PBXFileReference; lastKnownFileType = image.jpeg; path = pink.jpeg; sourceTree = "<group>"; };
		E54557F71D4B51D3003099B6 /* hair1.jpg */ = {isa = PBXFileReference; lastKnownFileType = image.jpeg; path = hair1.jpg; sourceTree = "<group>"; };
		E54557FB1D4B7603003099B6 /* bePretty.jpg */ = {isa = PBXFileReference; lastKnownFileType = image.jpeg; path = bePretty.jpg; sourceTree = "<group>"; };
		E5A949B41D4A3A37009DBE07 /* List.jpg */ = {isa = PBXFileReference; lastKnownFileType = image.jpeg; path = List.jpg; sourceTree = "<group>"; };
		E5A949B61D4A3A40009DBE07 /* map.jpg */ = {isa = PBXFileReference; lastKnownFileType = image.jpeg; path = map.jpg; sourceTree = "<group>"; };
		E5C5CCCE1D9AA7C2002D5902 /* About-50.png */ = {isa = PBXFileReference; lastKnownFileType = image.png; path = "About-50.png"; sourceTree = "<group>"; };
		E5C5CCCF1D9AA7C2002D5902 /* Add service.png */ = {isa = PBXFileReference; lastKnownFileType = image.png; path = "Add service.png"; sourceTree = "<group>"; };
		E5C5CCD01D9AA7C2002D5902 /* beartist.jpe */ = {isa = PBXFileReference; lastKnownFileType = file; path = beartist.jpe; sourceTree = "<group>"; };
		E5C5CCD11D9AA7C2002D5902 /* beartist.jpg */ = {isa = PBXFileReference; lastKnownFileType = image.jpeg; path = beartist.jpg; sourceTree = "<group>"; };
		E5C5CCD21D9AA7C2002D5902 /* bookartist.jpg */ = {isa = PBXFileReference; lastKnownFileType = image.jpeg; path = bookartist.jpg; sourceTree = "<group>"; };
		E5C5CCD31D9AA7C2002D5902 /* Comments-48.png */ = {isa = PBXFileReference; lastKnownFileType = image.png; path = "Comments-48.png"; sourceTree = "<group>"; };
		E5C5CCD41D9AA7C2002D5902 /* Edit File-64.png */ = {isa = PBXFileReference; lastKnownFileType = image.png; path = "Edit File-64.png"; sourceTree = "<group>"; };
		E5C5CCD51D9AA7C2002D5902 /* geartist.png */ = {isa = PBXFileReference; lastKnownFileType = image.png; path = geartist.png; sourceTree = "<group>"; };
		E5C5CCD61D9AA7C2002D5902 /* Geo-fence-50.png */ = {isa = PBXFileReference; lastKnownFileType = image.png; path = "Geo-fence-50.png"; sourceTree = "<group>"; };
		E5C5CCD71D9AA7C2002D5902 /* getartist.png */ = {isa = PBXFileReference; lastKnownFileType = image.png; path = getartist.png; sourceTree = "<group>"; };
		E5C5CCD81D9AA7C2002D5902 /* getstarted.png */ = {isa = PBXFileReference; lastKnownFileType = image.png; path = getstarted.png; sourceTree = "<group>"; };
		E5C5CCD91D9AA7C2002D5902 /* getstartedd.png */ = {isa = PBXFileReference; lastKnownFileType = image.png; path = getstartedd.png; sourceTree = "<group>"; };
		E5C5CCDA1D9AA7C2002D5902 /* ios.png */ = {isa = PBXFileReference; lastKnownFileType = image.png; path = ios.png; sourceTree = "<group>"; };
		E5C5CCDB1D9AA7C2002D5902 /* java.jpg */ = {isa = PBXFileReference; lastKnownFileType = image.jpeg; path = java.jpg; sourceTree = "<group>"; };
		E5C5CCDC1D9AA7C2002D5902 /* makeup prof.jpg */ = {isa = PBXFileReference; lastKnownFileType = image.jpeg; path = "makeup prof.jpg"; sourceTree = "<group>"; };
		E5C5CCDD1D9AA7C2002D5902 /* map_artist.png */ = {isa = PBXFileReference; lastKnownFileType = image.png; path = map_artist.png; sourceTree = "<group>"; };
		E5C5CCDE1D9AA7C2002D5902 /* more.png */ = {isa = PBXFileReference; lastKnownFileType = image.png; path = more.png; sourceTree = "<group>"; };
		E5C5CCDF1D9AA7C2002D5902 /* python.png */ = {isa = PBXFileReference; lastKnownFileType = image.png; path = python.png; sourceTree = "<group>"; };
		E5C5CCE01D9AA7C2002D5902 /* Remove User Male-48.png */ = {isa = PBXFileReference; lastKnownFileType = image.png; path = "Remove User Male-48.png"; sourceTree = "<group>"; };
		E5C5CCE11D9AA7C2002D5902 /* spashimage.png */ = {isa = PBXFileReference; lastKnownFileType = image.png; path = spashimage.png; sourceTree = "<group>"; };
		E5C5CCE21D9AA7C2002D5902 /* start.png */ = {isa = PBXFileReference; lastKnownFileType = image.png; path = start.png; sourceTree = "<group>"; };
		E5C5CCE31D9AA7C2002D5902 /* submit.png */ = {isa = PBXFileReference; lastKnownFileType = image.png; path = submit.png; sourceTree = "<group>"; };
		E5C5CCE41D9AA7C2002D5902 /* Todo List-50.png */ = {isa = PBXFileReference; lastKnownFileType = image.png; path = "Todo List-50.png"; sourceTree = "<group>"; };
		E5C5CCE51D9AA7C2002D5902 /* upload photos.png */ = {isa = PBXFileReference; lastKnownFileType = image.png; path = "upload photos.png"; sourceTree = "<group>"; };
		E5C5CCE61D9AA7C2002D5902 /* windows.jpg */ = {isa = PBXFileReference; lastKnownFileType = image.jpeg; path = windows.jpg; sourceTree = "<group>"; };
		E5C5CD321D9BD732002D5902 /* ProfileViewController.h */ = {isa = PBXFileReference; fileEncoding = 4; lastKnownFileType = sourcecode.c.h; path = ProfileViewController.h; sourceTree = "<group>"; };
		E5C5CD331D9BD732002D5902 /* ProfileViewController.m */ = {isa = PBXFileReference; fileEncoding = 4; lastKnownFileType = sourcecode.c.objc; path = ProfileViewController.m; sourceTree = "<group>"; };
		E5E4B4EC1D3E7A6000A70D25 /* bePretty.app */ = {isa = PBXFileReference; explicitFileType = wrapper.application; includeInIndex = 0; path = bePretty.app; sourceTree = BUILT_PRODUCTS_DIR; };
		E5E4B4F01D3E7A6000A70D25 /* Info.plist */ = {isa = PBXFileReference; lastKnownFileType = text.plist.xml; path = Info.plist; sourceTree = "<group>"; };
		E5E4B4F11D3E7A6000A70D25 /* main.m */ = {isa = PBXFileReference; lastKnownFileType = sourcecode.c.objc; path = main.m; sourceTree = "<group>"; };
		E5E4B4F31D3E7A6000A70D25 /* AppDelegate.h */ = {isa = PBXFileReference; lastKnownFileType = sourcecode.c.h; path = AppDelegate.h; sourceTree = "<group>"; };
		E5E4B4F41D3E7A6000A70D25 /* AppDelegate.m */ = {isa = PBXFileReference; lastKnownFileType = sourcecode.c.objc; path = AppDelegate.m; sourceTree = "<group>"; };
		E5E4B4F71D3E7A6000A70D25 /* bePretty.xcdatamodel */ = {isa = PBXFileReference; lastKnownFileType = wrapper.xcdatamodel; path = bePretty.xcdatamodel; sourceTree = "<group>"; };
		E5E4B4F91D3E7A6000A70D25 /* ViewController.h */ = {isa = PBXFileReference; lastKnownFileType = sourcecode.c.h; path = ViewController.h; sourceTree = "<group>"; };
		E5E4B4FA1D3E7A6000A70D25 /* ViewController.m */ = {isa = PBXFileReference; lastKnownFileType = sourcecode.c.objc; path = ViewController.m; sourceTree = "<group>"; };
		E5E4B4FF1D3E7A6000A70D25 /* Images.xcassets */ = {isa = PBXFileReference; lastKnownFileType = folder.assetcatalog; path = Images.xcassets; sourceTree = "<group>"; };
		E5E4B5021D3E7A6000A70D25 /* Base */ = {isa = PBXFileReference; lastKnownFileType = file.xib; name = Base; path = Base.lproj/LaunchScreen.xib; sourceTree = "<group>"; };
		E5E4B5081D3E7A6000A70D25 /* bePrettyTests.xctest */ = {isa = PBXFileReference; explicitFileType = wrapper.cfbundle; includeInIndex = 0; path = bePrettyTests.xctest; sourceTree = BUILT_PRODUCTS_DIR; };
		E5E4B50D1D3E7A6000A70D25 /* Info.plist */ = {isa = PBXFileReference; lastKnownFileType = text.plist.xml; path = Info.plist; sourceTree = "<group>"; };
		E5E4B50E1D3E7A6000A70D25 /* bePrettyTests.m */ = {isa = PBXFileReference; lastKnownFileType = sourcecode.c.objc; path = bePrettyTests.m; sourceTree = "<group>"; };
		E5EC85CE1D4F6EFE003C6066 /* MapKit.framework */ = {isa = PBXFileReference; lastKnownFileType = wrapper.framework; name = MapKit.framework; path = System/Library/Frameworks/MapKit.framework; sourceTree = SDKROOT; };
		E5EC85D11D4F7AA5003C6066 /* Base */ = {isa = PBXFileReference; lastKnownFileType = file.storyboard; name = Base; path = Base.lproj/Main.storyboard; sourceTree = "<group>"; };
/* End PBXFileReference section */

/* Begin PBXFrameworksBuildPhase section */
		E5E4B4E91D3E7A6000A70D25 /* Frameworks */ = {
			isa = PBXFrameworksBuildPhase;
			buildActionMask = 2147483647;
			files = (
				E5EC85CF1D4F6EFE003C6066 /* MapKit.framework in Frameworks */,
			);
			runOnlyForDeploymentPostprocessing = 0;
		};
		E5E4B5051D3E7A6000A70D25 /* Frameworks */ = {
			isa = PBXFrameworksBuildPhase;
			buildActionMask = 2147483647;
			files = (
			);
			runOnlyForDeploymentPostprocessing = 0;
		};
/* End PBXFrameworksBuildPhase section */

/* Begin PBXGroup section */
		E5E4B4E31D3E7A6000A70D25 = {
			isa = PBXGroup;
			children = (
				E5EC85CE1D4F6EFE003C6066 /* MapKit.framework */,
				E5E4B4EE1D3E7A6000A70D25 /* bePretty */,
				E5E4B50B1D3E7A6000A70D25 /* bePrettyTests */,
				E5E4B4ED1D3E7A6000A70D25 /* Products */,
			);
			sourceTree = "<group>";
		};
		E5E4B4ED1D3E7A6000A70D25 /* Products */ = {
			isa = PBXGroup;
			children = (
				E5E4B4EC1D3E7A6000A70D25 /* bePretty.app */,
				E5E4B5081D3E7A6000A70D25 /* bePrettyTests.xctest */,
			);
			name = Products;
			sourceTree = "<group>";
		};
		E5E4B4EE1D3E7A6000A70D25 /* bePretty */ = {
			isa = PBXGroup;
			children = (
				E5F224741D9EC01C0042F0E0 /* controllers */,
				E5F224751D9EC05D0042F0E0 /* images */,
				E5E4B4F31D3E7A6000A70D25 /* AppDelegate.h */,
				E5E4B4F41D3E7A6000A70D25 /* AppDelegate.m */,
				E5E4B4F91D3E7A6000A70D25 /* ViewController.h */,
				E5E4B4FA1D3E7A6000A70D25 /* ViewController.m */,
				E5EC85D01D4F7AA5003C6066 /* Main.storyboard */,
				E5E4B4FF1D3E7A6000A70D25 /* Images.xcassets */,
				E5E4B5011D3E7A6000A70D25 /* LaunchScreen.xib */,
				E5E4B4F61D3E7A6000A70D25 /* bePretty.xcdatamodeld */,
				E5E4B4EF1D3E7A6000A70D25 /* Supporting Files */,
			);
			path = bePretty;
			sourceTree = "<group>";
		};
		E5E4B4EF1D3E7A6000A70D25 /* Supporting Files */ = {
			isa = PBXGroup;
			children = (
				E5E4B4F01D3E7A6000A70D25 /* Info.plist */,
				E5E4B4F11D3E7A6000A70D25 /* main.m */,
			);
			name = "Supporting Files";
			sourceTree = "<group>";
		};
		E5E4B50B1D3E7A6000A70D25 /* bePrettyTests */ = {
			isa = PBXGroup;
			children = (
				E5E4B50E1D3E7A6000A70D25 /* bePrettyTests.m */,
				E5E4B50C1D3E7A6000A70D25 /* Supporting Files */,
			);
			path = bePrettyTests;
			sourceTree = "<group>";
		};
		E5E4B50C1D3E7A6000A70D25 /* Supporting Files */ = {
			isa = PBXGroup;
			children = (
				E5E4B50D1D3E7A6000A70D25 /* Info.plist */,
			);
			name = "Supporting Files";
			sourceTree = "<group>";
		};
		E5F224741D9EC01C0042F0E0 /* controllers */ = {
			isa = PBXGroup;
			children = (
				E5C5CD321D9BD732002D5902 /* ProfileViewController.h */,
				E5C5CD331D9BD732002D5902 /* ProfileViewController.m */,
			);
			name = controllers;
			path = ..;
			sourceTree = "<group>";
		};
		E5F224751D9EC05D0042F0E0 /* images */ = {
			isa = PBXGroup;
			children = (
				E54557FB1D4B7603003099B6 /* bePretty.jpg */,
				E54557F71D4B51D3003099B6 /* hair1.jpg */,
				E54557F31D4B4EDC003099B6 /* pink.jpeg */,
				E5A949B61D4A3A40009DBE07 /* map.jpg */,
				E5A949B41D4A3A37009DBE07 /* List.jpg */,
				E5C5CCCF1D9AA7C2002D5902 /* Add service.png */,
				E5C5CCCE1D9AA7C2002D5902 /* About-50.png */,
				E5C5CCD01D9AA7C2002D5902 /* beartist.jpe */,
				E5C5CCD11D9AA7C2002D5902 /* beartist.jpg */,
				E5C5CCD21D9AA7C2002D5902 /* bookartist.jpg */,
				E5C5CCD31D9AA7C2002D5902 /* Comments-48.png */,
				E5C5CCD41D9AA7C2002D5902 /* Edit File-64.png */,
				E5C5CCD51D9AA7C2002D5902 /* geartist.png */,
				E5C5CCD61D9AA7C2002D5902 /* Geo-fence-50.png */,
				E5C5CCD71D9AA7C2002D5902 /* getartist.png */,
				E5C5CCD81D9AA7C2002D5902 /* getstarted.png */,
				E5C5CCD91D9AA7C2002D5902 /* getstartedd.png */,
				E5C5CCDA1D9AA7C2002D5902 /* ios.png */,
				E5C5CCDB1D9AA7C2002D5902 /* java.jpg */,
				E5C5CCDC1D9AA7C2002D5902 /* makeup prof.jpg */,
				E5C5CCDD1D9AA7C2002D5902 /* map_artist.png */,
				E5C5CCDE1D9AA7C2002D5902 /* more.png */,
				E5C5CCDF1D9AA7C2002D5902 /* python.png */,
				E5C5CCE01D9AA7C2002D5902 /* Remove User Male-48.png */,
				E5C5CCE11D9AA7C2002D5902 /* spashimage.png */,
				E5C5CCE21D9AA7C2002D5902 /* start.png */,
				E5C5CCE31D9AA7C2002D5902 /* submit.png */,
				E5C5CCE41D9AA7C2002D5902 /* Todo List-50.png */,
				E5C5CCE51D9AA7C2002D5902 /* upload photos.png */,
				E5C5CCE61D9AA7C2002D5902 /* windows.jpg */,
			);
			name = images;
			sourceTree = "<group>";
		};
/* End PBXGroup section */

/* Begin PBXNativeTarget section */
		E5E4B4EB1D3E7A6000A70D25 /* bePretty */ = {
			isa = PBXNativeTarget;
			buildConfigurationList = E5E4B5121D3E7A6000A70D25 /* Build configuration list for PBXNativeTarget "bePretty" */;
			buildPhases = (
				E5E4B4E81D3E7A6000A70D25 /* Sources */,
				E5E4B4E91D3E7A6000A70D25 /* Frameworks */,
				E5E4B4EA1D3E7A6000A70D25 /* Resources */,
			);
			buildRules = (
			);
			dependencies = (
			);
			name = bePretty;
			productName = bePretty;
			productReference = E5E4B4EC1D3E7A6000A70D25 /* bePretty.app */;
			productType = "com.apple.product-type.application";
		};
		E5E4B5071D3E7A6000A70D25 /* bePrettyTests */ = {
			isa = PBXNativeTarget;
			buildConfigurationList = E5E4B5151D3E7A6000A70D25 /* Build configuration list for PBXNativeTarget "bePrettyTests" */;
			buildPhases = (
				E5E4B5041D3E7A6000A70D25 /* Sources */,
				E5E4B5051D3E7A6000A70D25 /* Frameworks */,
				E5E4B5061D3E7A6000A70D25 /* Resources */,
			);
			buildRules = (
			);
			dependencies = (
				E5E4B50A1D3E7A6000A70D25 /* PBXTargetDependency */,
			);
			name = bePrettyTests;
			productName = bePrettyTests;
			productReference = E5E4B5081D3E7A6000A70D25 /* bePrettyTests.xctest */;
			productType = "com.apple.product-type.bundle.unit-test";
		};
/* End PBXNativeTarget section */

/* Begin PBXProject section */
		E5E4B4E41D3E7A6000A70D25 /* Project object */ = {
			isa = PBXProject;
			attributes = {
				LastUpgradeCheck = 0730;
				ORGANIZATIONNAME = ILabAfrica;
				TargetAttributes = {
					E5E4B4EB1D3E7A6000A70D25 = {
						CreatedOnToolsVersion = 6.1.1;
						SystemCapabilities = {
							com.apple.Maps.iOS = {
								enabled = 1;
							};
						};
					};
					E5E4B5071D3E7A6000A70D25 = {
						CreatedOnToolsVersion = 6.1.1;
						TestTargetID = E5E4B4EB1D3E7A6000A70D25;
					};
				};
			};
			buildConfigurationList = E5E4B4E71D3E7A6000A70D25 /* Build configuration list for PBXProject "bePretty" */;
			compatibilityVersion = "Xcode 3.2";
			developmentRegion = English;
			hasScannedForEncodings = 0;
			knownRegions = (
				en,
				Base,
			);
			mainGroup = E5E4B4E31D3E7A6000A70D25;
			productRefGroup = E5E4B4ED1D3E7A6000A70D25 /* Products */;
			projectDirPath = "";
			projectRoot = "";
			targets = (
				E5E4B4EB1D3E7A6000A70D25 /* bePretty */,
				E5E4B5071D3E7A6000A70D25 /* bePrettyTests */,
			);
		};
/* End PBXProject section */

/* Begin PBXResourcesBuildPhase section */
		E5E4B4EA1D3E7A6000A70D25 /* Resources */ = {
			isa = PBXResourcesBuildPhase;
			buildActionMask = 2147483647;
			files = (
				E5C5CCEC1D9AA7C2002D5902 /* Comments-48.png in Resources */,
				E54557F81D4B51D3003099B6 /* hair1.jpg in Resources */,
				E54557FC1D4B7603003099B6 /* bePretty.jpg in Resources */,
				E5C5CCFD1D9AA7C2002D5902 /* Todo List-50.png in Resources */,
				E5E4B5031D3E7A6000A70D25 /* LaunchScreen.xib in Resources */,
				E5EC85D21D4F7AA5003C6066 /* Main.storyboard in Resources */,
				E5E4B5001D3E7A6000A70D25 /* Images.xcassets in Resources */,
				E5C5CCF51D9AA7C2002D5902 /* makeup prof.jpg in Resources */,
				E5C5CCE71D9AA7C2002D5902 /* About-50.png in Resources */,
				E5C5CCF71D9AA7C2002D5902 /* more.png in Resources */,
				E5C5CCF41D9AA7C2002D5902 /* java.jpg in Resources */,
				E5C5CCFF1D9AA7C2002D5902 /* windows.jpg in Resources */,
				E5C5CCF01D9AA7C2002D5902 /* getartist.png in Resources */,
				E5C5CCED1D9AA7C2002D5902 /* Edit File-64.png in Resources */,
				E5C5CCF81D9AA7C2002D5902 /* python.png in Resources */,
				E5C5CCE91D9AA7C2002D5902 /* beartist.jpe in Resources */,
				E5A949B51D4A3A37009DBE07 /* List.jpg in Resources */,
				E5C5CCE81D9AA7C2002D5902 /* Add service.png in Resources */,
				E5C5CCF61D9AA7C2002D5902 /* map_artist.png in Resources */,
				E5A949B71D4A3A40009DBE07 /* map.jpg in Resources */,
				E5C5CCEA1D9AA7C2002D5902 /* beartist.jpg in Resources */,
				E5C5CCFE1D9AA7C2002D5902 /* upload photos.png in Resources */,
				E5C5CCF21D9AA7C2002D5902 /* getstartedd.png in Resources */,
				E5C5CCF11D9AA7C2002D5902 /* getstarted.png in Resources */,
				E5C5CCEE1D9AA7C2002D5902 /* geartist.png in Resources */,
				E5C5CCFA1D9AA7C2002D5902 /* spashimage.png in Resources */,
				E5C5CCFB1D9AA7C2002D5902 /* start.png in Resources */,
				E5C5CCFC1D9AA7C2002D5902 /* submit.png in Resources */,
				E54557F41D4B4EDC003099B6 /* pink.jpeg in Resources */,
				E5C5CCF31D9AA7C2002D5902 /* ios.png in Resources */,
				E5C5CCEF1D9AA7C2002D5902 /* Geo-fence-50.png in Resources */,
				E5C5CCEB1D9AA7C2002D5902 /* bookartist.jpg in Resources */,
				E5C5CCF91D9AA7C2002D5902 /* Remove User Male-48.png in Resources */,
			);
			runOnlyForDeploymentPostprocessing = 0;
		};
		E5E4B5061D3E7A6000A70D25 /* Resources */ = {
			isa = PBXResourcesBuildPhase;
			buildActionMask = 2147483647;
			files = (
			);
			runOnlyForDeploymentPostprocessing = 0;
		};
/* End PBXResourcesBuildPhase section */

/* Begin PBXSourcesBuildPhase section */
		E5E4B4E81D3E7A6000A70D25 /* Sources */ = {
			isa = PBXSourcesBuildPhase;
			buildActionMask = 2147483647;
			files = (
				E5E4B4F51D3E7A6000A70D25 /* AppDelegate.m in Sources */,
				E5E4B4F81D3E7A6000A70D25 /* bePretty.xcdatamodeld in Sources */,
				E5C5CD341D9BD732002D5902 /* ProfileViewController.m in Sources */,
				E5E4B4FB1D3E7A6000A70D25 /* ViewController.m in Sources */,
				E5E4B4F21D3E7A6000A70D25 /* main.m in Sources */,
			);
			runOnlyForDeploymentPostprocessing = 0;
		};
		E5E4B5041D3E7A6000A70D25 /* Sources */ = {
			isa = PBXSourcesBuildPhase;
			buildActionMask = 2147483647;
			files = (
				E5E4B50F1D3E7A6000A70D25 /* bePrettyTests.m in Sources */,
			);
			runOnlyForDeploymentPostprocessing = 0;
		};
/* End PBXSourcesBuildPhase section */

/* Begin PBXTargetDependency section */
		E5E4B50A1D3E7A6000A70D25 /* PBXTargetDependency */ = {
			isa = PBXTargetDependency;
			target = E5E4B4EB1D3E7A6000A70D25 /* bePretty */;
			targetProxy = E5E4B5091D3E7A6000A70D25 /* PBXContainerItemProxy */;
		};
/* End PBXTargetDependency section */

/* Begin PBXVariantGroup section */
		E5E4B5011D3E7A6000A70D25 /* LaunchScreen.xib */ = {
			isa = PBXVariantGroup;
			children = (
				E5E4B5021D3E7A6000A70D25 /* Base */,
			);
			name = LaunchScreen.xib;
			sourceTree = "<group>";
		};
		E5EC85D01D4F7AA5003C6066 /* Main.storyboard */ = {
			isa = PBXVariantGroup;
			children = (
				E5EC85D11D4F7AA5003C6066 /* Base */,
			);
			name = Main.storyboard;
			sourceTree = "<group>";
		};
/* End PBXVariantGroup section */

/* Begin XCBuildConfiguration section */
		E5E4B5101D3E7A6000A70D25 /* Debug */ = {
			isa = XCBuildConfiguration;
			buildSettings = {
				ALWAYS_SEARCH_USER_PATHS = NO;
				CLANG_CXX_LANGUAGE_STANDARD = "gnu++0x";
				CLANG_CXX_LIBRARY = "libc++";
				CLANG_ENABLE_MODULES = YES;
				CLANG_ENABLE_OBJC_ARC = YES;
				CLANG_WARN_BOOL_CONVERSION = YES;
				CLANG_WARN_CONSTANT_CONVERSION = YES;
				CLANG_WARN_DIRECT_OBJC_ISA_USAGE = YES_ERROR;
				CLANG_WARN_EMPTY_BODY = YES;
				CLANG_WARN_ENUM_CONVERSION = YES;
				CLANG_WARN_INT_CONVERSION = YES;
				CLANG_WARN_OBJC_ROOT_CLASS = YES_ERROR;
				CLANG_WARN_UNREACHABLE_CODE = YES;
				CLANG_WARN__DUPLICATE_METHOD_MATCH = YES;
				"CODE_SIGN_IDENTITY[sdk=iphoneos*]" = "iPhone Developer";
				COPY_PHASE_STRIP = NO;
				ENABLE_STRICT_OBJC_MSGSEND = YES;
				ENABLE_TESTABILITY = YES;
				GCC_C_LANGUAGE_STANDARD = gnu99;
				GCC_DYNAMIC_NO_PIC = NO;
				GCC_OPTIMIZATION_LEVEL = 0;
				GCC_PREPROCESSOR_DEFINITIONS = (
					"DEBUG=1",
					"$(inherited)",
				);
				GCC_SYMBOLS_PRIVATE_EXTERN = NO;
				GCC_WARN_64_TO_32_BIT_CONVERSION = YES;
				GCC_WARN_ABOUT_RETURN_TYPE = YES_ERROR;
				GCC_WARN_UNDECLARED_SELECTOR = YES;
				GCC_WARN_UNINITIALIZED_AUTOS = YES_AGGRESSIVE;
				GCC_WARN_UNUSED_FUNCTION = YES;
				GCC_WARN_UNUSED_VARIABLE = YES;
				IPHONEOS_DEPLOYMENT_TARGET = 6.1;
				MTL_ENABLE_DEBUG_INFO = YES;
				ONLY_ACTIVE_ARCH = YES;
				SDKROOT = iphoneos;
			};
			name = Debug;
		};
		E5E4B5111D3E7A6000A70D25 /* Release */ = {
			isa = XCBuildConfiguration;
			buildSettings = {
				ALWAYS_SEARCH_USER_PATHS = NO;
				CLANG_CXX_LANGUAGE_STANDARD = "gnu++0x";
				CLANG_CXX_LIBRARY = "libc++";
				CLANG_ENABLE_MODULES = YES;
				CLANG_ENABLE_OBJC_ARC = YES;
				CLANG_WARN_BOOL_CONVERSION = YES;
				CLANG_WARN_CONSTANT_CONVERSION = YES;
				CLANG_WARN_DIRECT_OBJC_ISA_USAGE = YES_ERROR;
				CLANG_WARN_EMPTY_BODY = YES;
				CLANG_WARN_ENUM_CONVERSION = YES;
				CLANG_WARN_INT_CONVERSION = YES;
				CLANG_WARN_OBJC_ROOT_CLASS = YES_ERROR;
				CLANG_WARN_UNREACHABLE_CODE = YES;
				CLANG_WARN__DUPLICATE_METHOD_MATCH = YES;
				"CODE_SIGN_IDENTITY[sdk=iphoneos*]" = "iPhone Developer";
				COPY_PHASE_STRIP = YES;
				ENABLE_NS_ASSERTIONS = NO;
				ENABLE_STRICT_OBJC_MSGSEND = YES;
				GCC_C_LANGUAGE_STANDARD = gnu99;
				GCC_WARN_64_TO_32_BIT_CONVERSION = YES;
				GCC_WARN_ABOUT_RETURN_TYPE = YES_ERROR;
				GCC_WARN_UNDECLARED_SELECTOR = YES;
				GCC_WARN_UNINITIALIZED_AUTOS = YES_AGGRESSIVE;
				GCC_WARN_UNUSED_FUNCTION = YES;
				GCC_WARN_UNUSED_VARIABLE = YES;
				IPHONEOS_DEPLOYMENT_TARGET = 6.1;
				MTL_ENABLE_DEBUG_INFO = NO;
				SDKROOT = iphoneos;
				VALIDATE_PRODUCT = YES;
			};
			name = Release;
		};
		E5E4B5131D3E7A6000A70D25 /* Debug */ = {
			isa = XCBuildConfiguration;
			buildSettings = {
				ASSETCATALOG_COMPILER_APPICON_NAME = AppIcon;
				INFOPLIST_FILE = bePretty/Info.plist;
				LD_RUNPATH_SEARCH_PATHS = "$(inherited) @executable_path/Frameworks";
				PRODUCT_BUNDLE_IDENTIFIER = "edu.strathmore.91673.$(PRODUCT_NAME:rfc1034identifier)";
				PRODUCT_NAME = "$(TARGET_NAME)";
			};
			name = Debug;
		};
		E5E4B5141D3E7A6000A70D25 /* Release */ = {
			isa = XCBuildConfiguration;
			buildSettings = {
				ASSETCATALOG_COMPILER_APPICON_NAME = AppIcon;
				INFOPLIST_FILE = bePretty/Info.plist;
				LD_RUNPATH_SEARCH_PATHS = "$(inherited) @executable_path/Frameworks";
				PRODUCT_BUNDLE_IDENTIFIER = "edu.strathmore.91673.$(PRODUCT_NAME:rfc1034identifier)";
				PRODUCT_NAME = "$(TARGET_NAME)";
			};
			name = Release;
		};
		E5E4B5161D3E7A6000A70D25 /* Debug */ = {
			isa = XCBuildConfiguration;
			buildSettings = {
				BUNDLE_LOADER = "$(TEST_HOST)";
				FRAMEWORK_SEARCH_PATHS = (
					"$(SDKROOT)/Developer/Library/Frameworks",
					"$(inherited)",
				);
				GCC_PREPROCESSOR_DEFINITIONS = (
					"DEBUG=1",
					"$(inherited)",
				);
				INFOPLIST_FILE = bePrettyTests/Info.plist;
				LD_RUNPATH_SEARCH_PATHS = "$(inherited) @executable_path/Frameworks @loader_path/Frameworks";
				PRODUCT_BUNDLE_IDENTIFIER = "edu.strathmore.91673.$(PRODUCT_NAME:rfc1034identifier)";
				PRODUCT_NAME = "$(TARGET_NAME)";
				TEST_HOST = "$(BUILT_PRODUCTS_DIR)/bePretty.app/bePretty";
			};
			name = Debug;
		};
		E5E4B5171D3E7A6000A70D25 /* Release */ = {
			isa = XCBuildConfiguration;
			buildSettings = {
				BUNDLE_LOADER = "$(TEST_HOST)";
				FRAMEWORK_SEARCH_PATHS = (
					"$(SDKROOT)/Developer/Library/Frameworks",
					"$(inherited)",
				);
				INFOPLIST_FILE = bePrettyTests/Info.plist;
				LD_RUNPATH_SEARCH_PATHS = "$(inherited) @executable_path/Frameworks @loader_path/Frameworks";
				PRODUCT_BUNDLE_IDENTIFIER = "edu.strathmore.91673.$(PRODUCT_NAME:rfc1034identifier)";
				PRODUCT_NAME = "$(TARGET_NAME)";
				TEST_HOST = "$(BUILT_PRODUCTS_DIR)/bePretty.app/bePretty";
			};
			name = Release;
		};
/* End XCBuildConfiguration section */

/* Begin XCConfigurationList section */
		E5E4B4E71D3E7A6000A70D25 /* Build configuration list for PBXProject "bePretty" */ = {
			isa = XCConfigurationList;
			buildConfigurations = (
				E5E4B5101D3E7A6000A70D25 /* Debug */,
				E5E4B5111D3E7A6000A70D25 /* Release */,
			);
			defaultConfigurationIsVisible = 0;
			defaultConfigurationName = Release;
		};
		E5E4B5121D3E7A6000A70D25 /* Build configuration list for PBXNativeTarget "bePretty" */ = {
			isa = XCConfigurationList;
			buildConfigurations = (
				E5E4B5131D3E7A6000A70D25 /* Debug */,
				E5E4B5141D3E7A6000A70D25 /* Release */,
			);
			defaultConfigurationIsVisible = 0;
			defaultConfigurationName = Release;
		};
		E5E4B5151D3E7A6000A70D25 /* Build configuration list for PBXNativeTarget "bePrettyTests" */ = {
			isa = XCConfigurationList;
			buildConfigurations = (
				E5E4B5161D3E7A6000A70D25 /* Debug */,
				E5E4B5171D3E7A6000A70D25 /* Release */,
			);
			defaultConfigurationIsVisible = 0;
			defaultConfigurationName = Release;
		};
/* End XCConfigurationList section */

/* Begin XCVersionGroup section */
		E5E4B4F61D3E7A6000A70D25 /* bePretty.xcdatamodeld */ = {
			isa = XCVersionGroup;
			children = (
				E5E4B4F71D3E7A6000A70D25 /* bePretty.xcdatamodel */,
			);
			currentVersion = E5E4B4F71D3E7A6000A70D25 /* bePretty.xcdatamodel */;
			path = bePretty.xcdatamodeld;
			sourceTree = "<group>";
			versionGroupType = wrapper.xcdatamodel;
		};
/* End XCVersionGroup section */
	};
	rootObject = E5E4B4E41D3E7A6000A70D25 /* Project object */;
}
